dependencies:
  espressif/esp-zboss-lib:
    component_hash: c7020f631cd4ad25e159ddb812bdc80906b5b424457abc81c9b8b0e92687837a
    dependencies:
    - name: idf
      registry_url: https://components.espressif.com
      require: private
      version: '>=5.0'
    source:
      registry_url: https://components.espressif.com/
      type: service
    version: 1.3.2
  espressif/esp-zigbee-lib:
    component_hash: 752dbc8abb2befd2d49ee902051699fac5e32c6962950d64cd888d75d6566ca0
    dependencies:
    - name: idf
      registry_url: https://components.espressif.com
      require: private
      version: '>=5.0'
    source:
      registry_url: https://components.espressif.com/
      type: service
    version: 1.3.2
  idf:
    source:
      type: idf
    version: 5.4.0
direct_dependencies:
- espressif/esp-zboss-lib
- espressif/esp-zigbee-lib
- idf
manifest_hash: 701f9d5a4e742b3ee06e598809ac164b3a33314844a3491552407a008c978780
target: esp32h2
version: 2.0.0
